{
  "name": "valley-vscode",
  "version": "0.1.3",
  "lockfileVersion": 1,
  "requires": true,
  "dependencies": {
    "colors": {
      "version": "1.3.3",
      "resolved": "https://registry.npmjs.org/colors/-/colors-1.3.3.tgz",
      "integrity": "sha512-mmGt/1pZqYRjMxB1axhTo16/snVZ5krrKkcmMeVKxzECMMXoCgnvTPp10QgHfcbQZw8Dq2jMNG6je4JlWU0gWg==",
      "dev": true
    },
    "commander": {
      "version": "2.19.0",
      "resolved": "https://registry.npmjs.org/commander/-/commander-2.19.0.tgz",
      "integrity": "sha512-6tvAOO+D6OENvRAh524Dh9jcfKTYDQAqvqezbCW82xj5X0pSrcpxtvRKHLG0yBY6SD7PSDrJaj+0AiOcKVd1Xg==",
      "dev": true
    },
    "css-color-list": {
      "version": "0.0.1",
      "resolved": "https://registry.npmjs.org/css-color-list/-/css-color-list-0.0.1.tgz",
      "integrity": "sha1-hxjoaVrnosyHh76HFfHACKfyixU=",
      "dev": true,
      "requires": {
        "css-color-names": "0.0.1"
      },
      "dependencies": {
        "css-color-names": {
          "version": "0.0.1",
          "resolved": "https://registry.npmjs.org/css-color-names/-/css-color-names-0.0.1.tgz",
          "integrity": "sha1-XQVI+iVkVu3kqaDCrHqxnT6xrYE=",
          "dev": true
        }
      }
    },
    "css-color-names": {
      "version": "0.0.3",
      "resolved": "https://registry.npmjs.org/css-color-names/-/css-color-names-0.0.3.tgz",
      "integrity": "sha1-3gzvFvTYqoIioyDVttfpu62nufY=",
      "dev": true
    },
    "esm": {
      "version": "3.2.25",
      "resolved": "https://registry.npmjs.org/esm/-/esm-3.2.25.tgz",
      "integrity": "sha512-U1suiZ2oDVWv4zPO56S0NcR5QriEahGtdN2OR6FiOG4WJvcjBVFB0qI4+eKoWFH483PKGuLuu6V8Z4T5g63UVA==",
      "dev": true
    },
    "get-contrast": {
      "version": "2.0.0",
      "resolved": "https://registry.npmjs.org/get-contrast/-/get-contrast-2.0.0.tgz",
      "integrity": "sha1-yWVJfSWNTCPQOgZZVIWsw9Ue1vs=",
      "dev": true,
      "requires": {
        "css-color-names": "0.0.3",
        "is-blank": "1.1.0",
        "is-named-css-color": "1.0.0",
        "rgb": "0.1.0",
        "wcag-contrast": "0.1.0"
      }
    },
    "hex-rgb": {
      "version": "1.0.0",
      "resolved": "https://registry.npmjs.org/hex-rgb/-/hex-rgb-1.0.0.tgz",
      "integrity": "sha1-UyJ1aXy5gj4FJCmxhMZ4HUbP30k=",
      "dev": true
    },
    "is-blank": {
      "version": "1.1.0",
      "resolved": "https://registry.npmjs.org/is-blank/-/is-blank-1.1.0.tgz",
      "integrity": "sha1-knTdvUY2PLdnB1w4XUq4jGpk3Bc=",
      "dev": true,
      "requires": {
        "is-empty": "0.0.1",
        "is-whitespace": "0.3.0"
      }
    },
    "is-empty": {
      "version": "0.0.1",
      "resolved": "https://registry.npmjs.org/is-empty/-/is-empty-0.0.1.tgz",
      "integrity": "sha1-Cf3D1kndpZaRVsCFOpt2vXgcWjM=",
      "dev": true
    },
    "is-named-css-color": {
      "version": "1.0.0",
      "resolved": "https://registry.npmjs.org/is-named-css-color/-/is-named-css-color-1.0.0.tgz",
      "integrity": "sha1-O1+JvcSlFf9O0lcU/8ZBKaJVmbc=",
      "dev": true,
      "requires": {
        "css-color-list": "0.0.1"
      }
    },
    "is-whitespace": {
      "version": "0.3.0",
      "resolved": "https://registry.npmjs.org/is-whitespace/-/is-whitespace-0.3.0.tgz",
      "integrity": "sha1-Fjnssb4DauxppUy7QBz77XEUq38=",
      "dev": true
    },
    "lodash": {
      "version": "4.17.15",
      "resolved": "https://registry.npmjs.org/lodash/-/lodash-4.17.15.tgz",
      "integrity": "sha512-8xOcRHvCjnocdS5cpwXQXVzmmh5e5+saE2QGoeQmbKmRS6J3VQppPOIt0MnmE+4xlZoumy0GPG0D0MVIQbNA1A==",
      "dev": true
    },
    "prettyoutput": {
      "version": "1.2.0",
      "resolved": "https://registry.npmjs.org/prettyoutput/-/prettyoutput-1.2.0.tgz",
      "integrity": "sha512-G2gJwLzLcYS+2m6bTAe+CcDpwak9YpcvpScI0tE4WYb2O3lEZD/YywkMNpGqsSx5wttGvh2UXaKROTKKCyM2dw==",
      "dev": true,
      "requires": {
        "colors": "1.3.3",
        "commander": "2.19.0",
        "lodash": "4.17.15"
      }
    },
    "relative-luminance": {
      "version": "0.0.0",
      "resolved": "https://registry.npmjs.org/relative-luminance/-/relative-luminance-0.0.0.tgz",
      "integrity": "sha1-XFb3VofqciAj/k2W6kRoPM3x+/4=",
      "dev": true
    },
    "rgb": {
      "version": "0.1.0",
      "resolved": "https://registry.npmjs.org/rgb/-/rgb-0.1.0.tgz",
      "integrity": "sha1-vieykej+/+rBvZlylyG/pA/AN7U=",
      "dev": true
    },
    "wcag-contrast": {
      "version": "0.1.0",
      "resolved": "https://registry.npmjs.org/wcag-contrast/-/wcag-contrast-0.1.0.tgz",
      "integrity": "sha1-auN5VOQElBcY7aGh2OJw2bVnGTQ=",
      "dev": true,
      "requires": {
        "hex-rgb": "1.0.0",
        "relative-luminance": "0.0.0"
      }
    }
  }
}
